
Microsoft Visual Studio Solution File, Format Version 12.00
# Visual Studio Version 16
VisualStudioVersion = 16.0.34301.259
MinimumVisualStudioVersion = 10.0.40219.1
Project("{FAE04EC0-301F-11D3-BF4B-00C04F79EFBC}") = "Web Student Entry System", "Web Student Entry System\Web Student Entry System.csproj", "{47E82789-720D-4102-82F9-174E1F461ED6}"
EndProject
Global
	GlobalSection(SolutionConfigurationPlatforms) = preSolution
		Debug|Any CPU = Debug|Any CPU
		Release|Any CPU = Release|Any CPU
	EndGlobalSection
	GlobalSection(ProjectConfigurationPlatforms) = postSolution
		{47E82789-720D-4102-82F9-174E1F461ED6}.Debug|Any CPU.ActiveCfg = Debug|Any CPU
		{47E82789-720D-4102-82F9-174E1F461ED6}.Debug|Any CPU.Build.0 = Debug|Any CPU
		{47E82789-720D-4102-82F9-174E1F461ED6}.Release|Any CPU.ActiveCfg = Release|Any CPU
		{47E82789-720D-4102-82F9-174E1F461ED6}.Release|Any CPU.Build.0 = Release|Any CPU
	EndGlobalSection
	GlobalSection(SolutionProperties) = preSolution
		HideSolutionNode = FALSE
	EndGlobalSection
	GlobalSection(ExtensibilityGlobals) = postSolution
		SolutionGuid = {BB50BC4D-82EB-4FDB-95E2-4D284EC66032}
	EndGlobalSection
EndGlobal
